
Microsoft Visual Studio Solution File, Format Version 12.00
# Visual Studio 15
VisualStudioVersion = 15.0.27703.2018
MinimumVisualStudioVersion = 10.0.40219.1
Project("{FAE04EC0-301F-11D3-BF4B-00C04F79EFBC}") = "TestRMSQP", "TestRMSQP\TestRMSQP.csproj", "{AE8E2D5F-FF8C-4E47-A2AB-1ACE0BB71AEF}"
EndProject
Global
	GlobalSection(SolutionConfigurationPlatforms) = preSolution
		Debug|Any CPU = Debug|Any CPU
		Release|Any CPU = Release|Any CPU
	EndGlobalSection
	GlobalSection(ProjectConfigurationPlatforms) = postSolution
		{AE8E2D5F-FF8C-4E47-A2AB-1ACE0BB71AEF}.Debug|Any CPU.ActiveCfg = Debug|Any CPU
		{AE8E2D5F-FF8C-4E47-A2AB-1ACE0BB71AEF}.Debug|Any CPU.Build.0 = Debug|Any CPU
		{AE8E2D5F-FF8C-4E47-A2AB-1ACE0BB71AEF}.Release|Any CPU.ActiveCfg = Release|Any CPU
		{AE8E2D5F-FF8C-4E47-A2AB-1ACE0BB71AEF}.Release|Any CPU.Build.0 = Release|Any CPU
	EndGlobalSection
	GlobalSection(SolutionProperties) = preSolution
		HideSolutionNode = FALSE
	EndGlobalSection
	GlobalSection(ExtensibilityGlobals) = postSolution
		SolutionGuid = {15624E67-8BFD-4FF7-A742-DA486F5B8E13}
	EndGlobalSection
EndGlobal
